// !$*UTF8*$!
{
	archiveVersion = 1;
	classes = {
	};
	objectVersion = 46;
	objects = {

/* Begin PBXBuildFile section */
		C456203919A7442E0069702B /* SearchTableViewController.m in Sources */ = {isa = PBXBuildFile; fileRef = C456203819A7442E0069702B /* SearchTableViewController.m */; };
		C4A2804119A3B658003731E4 /* main.m in Sources */ = {isa = PBXBuildFile; fileRef = C4A2804019A3B658003731E4 /* main.m */; };
		C4A2804419A3B658003731E4 /* AppDelegate.m in Sources */ = {isa = PBXBuildFile; fileRef = C4A2804319A3B658003731E4 /* AppDelegate.m */; };
		C4A2804719A3B658003731E4 /* MasterViewController.m in Sources */ = {isa = PBXBuildFile; fileRef = C4A2804619A3B658003731E4 /* MasterViewController.m */; };
		C4A2804A19A3B658003731E4 /* DetailViewController.m in Sources */ = {isa = PBXBuildFile; fileRef = C4A2804919A3B658003731E4 /* DetailViewController.m */; };
		C4A2804D19A3B658003731E4 /* Main.storyboard in Resources */ = {isa = PBXBuildFile; fileRef = C4A2804B19A3B658003731E4 /* Main.storyboard */; };
		C4A2804F19A3B658003731E4 /* Images.xcassets in Resources */ = {isa = PBXBuildFile; fileRef = C4A2804E19A3B658003731E4 /* Images.xcassets */; };
		C4A2805B19A3B658003731E4 /* SplitViewTestTests.m in Sources */ = {isa = PBXBuildFile; fileRef = C4A2805A19A3B658003731E4 /* SplitViewTestTests.m */; };
/* End PBXBuildFile section */

/* Begin PBXContainerItemProxy section */
		C4A2805519A3B658003731E4 /* PBXContainerItemProxy */ = {
			isa = PBXContainerItemProxy;
			containerPortal = C4A2803319A3B658003731E4 /* Project object */;
			proxyType = 1;
			remoteGlobalIDString = C4A2803A19A3B658003731E4;
			remoteInfo = SplitViewTest;
		};
/* End PBXContainerItemProxy section */

/* Begin PBXFileReference section */
		C456203719A7442E0069702B /* SearchTableViewController.h */ = {isa = PBXFileReference; fileEncoding = 4; lastKnownFileType = sourcecode.c.h; path = SearchTableViewController.h; sourceTree = "<group>"; };
		C456203819A7442E0069702B /* SearchTableViewController.m */ = {isa = PBXFileReference; fileEncoding = 4; lastKnownFileType = sourcecode.c.objc; path = SearchTableViewController.m; sourceTree = "<group>"; };
		C4A2803B19A3B658003731E4 /* SplitViewTest.app */ = {isa = PBXFileReference; explicitFileType = wrapper.application; includeInIndex = 0; path = SplitViewTest.app; sourceTree = BUILT_PRODUCTS_DIR; };
		C4A2803F19A3B658003731E4 /* Info.plist */ = {isa = PBXFileReference; lastKnownFileType = text.plist.xml; path = Info.plist; sourceTree = "<group>"; };
		C4A2804019A3B658003731E4 /* main.m */ = {isa = PBXFileReference; lastKnownFileType = sourcecode.c.objc; path = main.m; sourceTree = "<group>"; };
		C4A2804219A3B658003731E4 /* AppDelegate.h */ = {isa = PBXFileReference; lastKnownFileType = sourcecode.c.h; path = AppDelegate.h; sourceTree = "<group>"; };
		C4A2804319A3B658003731E4 /* AppDelegate.m */ = {isa = PBXFileReference; lastKnownFileType = sourcecode.c.objc; path = AppDelegate.m; sourceTree = "<group>"; };
		C4A2804519A3B658003731E4 /* MasterViewController.h */ = {isa = PBXFileReference; lastKnownFileType = sourcecode.c.h; path = MasterViewController.h; sourceTree = "<group>"; };
		C4A2804619A3B658003731E4 /* MasterViewController.m */ = {isa = PBXFileReference; lastKnownFileType = sourcecode.c.objc; path = MasterViewController.m; sourceTree = "<group>"; };
		C4A2804819A3B658003731E4 /* DetailViewController.h */ = {isa = PBXFileReference; lastKnownFileType = sourcecode.c.h; path = DetailViewController.h; sourceTree = "<group>"; };
		C4A2804919A3B658003731E4 /* DetailViewController.m */ = {isa = PBXFileReference; lastKnownFileType = sourcecode.c.objc; path = DetailViewController.m; sourceTree = "<group>"; };
		C4A2804C19A3B658003731E4 /* Base */ = {isa = PBXFileReference; lastKnownFileType = file.storyboard; name = Base; path = Base.lproj/Main.storyboard; sourceTree = "<group>"; };
		C4A2804E19A3B658003731E4 /* Images.xcassets */ = {isa = PBXFileReference; lastKnownFileType = folder.assetcatalog; path = Images.xcassets; sourceTree = "<group>"; };
		C4A2805419A3B658003731E4 /* SplitViewTestTests.xctest */ = {isa = PBXFileReference; explicitFileType = wrapper.cfbundle; includeInIndex = 0; path = SplitViewTestTests.xctest; sourceTree = BUILT_PRODUCTS_DIR; };
		C4A2805919A3B658003731E4 /* Info.plist */ = {isa = PBXFileReference; lastKnownFileType = text.plist.xml; path = Info.plist; sourceTree = "<group>"; };
		C4A2805A19A3B658003731E4 /* SplitViewTestTests.m */ = {isa = PBXFileReference; lastKnownFileType = sourcecode.c.objc; path = SplitViewTestTests.m; sourceTree = "<group>"; };
/* End PBXFileReference section */

/* Begin PBXFrameworksBuildPhase section */
		C4A2803819A3B658003731E4 /* Frameworks */ = {
			isa = PBXFrameworksBuildPhase;
			buildActionMask = 2147483647;
			files = (
			);
			runOnlyForDeploymentPostprocessing = 0;
		};
		C4A2805119A3B658003731E4 /* Frameworks */ = {
			isa = PBXFrameworksBuildPhase;
			buildActionMask = 2147483647;
			files = (
			);
			runOnlyForDeploymentPostprocessing = 0;
		};
/* End PBXFrameworksBuildPhase section */

/* Begin PBXGroup section */
		C4A2803219A3B658003731E4 = {
			isa = PBXGroup;
			children = (
				C4A2803D19A3B658003731E4 /* SplitViewTest */,
				C4A2805719A3B658003731E4 /* SplitViewTestTests */,
				C4A2803C19A3B658003731E4 /* Products */,
			);
			sourceTree = "<group>";
		};
		C4A2803C19A3B658003731E4 /* Products */ = {
			isa = PBXGroup;
			children = (
				C4A2803B19A3B658003731E4 /* SplitViewTest.app */,
				C4A2805419A3B658003731E4 /* SplitViewTestTests.xctest */,
			);
			name = Products;
			sourceTree = "<group>";
		};
		C4A2803D19A3B658003731E4 /* SplitViewTest */ = {
			isa = PBXGroup;
			children = (
				C4A2804219A3B658003731E4 /* AppDelegate.h */,
				C4A2804319A3B658003731E4 /* AppDelegate.m */,
				C4A2804519A3B658003731E4 /* MasterViewController.h */,
				C4A2804619A3B658003731E4 /* MasterViewController.m */,
				C4A2804819A3B658003731E4 /* DetailViewController.h */,
				C4A2804919A3B658003731E4 /* DetailViewController.m */,
				C456203719A7442E0069702B /* SearchTableViewController.h */,
				C456203819A7442E0069702B /* SearchTableViewController.m */,
				C4A2804B19A3B658003731E4 /* Main.storyboard */,
				C4A2804E19A3B658003731E4 /* Images.xcassets */,
				C4A2803E19A3B658003731E4 /* Supporting Files */,
			);
			path = SplitViewTest;
			sourceTree = "<group>";
		};
		C4A2803E19A3B658003731E4 /* Supporting Files */ = {
			isa = PBXGroup;
			children = (
				C4A2803F19A3B658003731E4 /* Info.plist */,
				C4A2804019A3B658003731E4 /* main.m */,
			);
			name = "Supporting Files";
			sourceTree = "<group>";
		};
		C4A2805719A3B658003731E4 /* SplitViewTestTests */ = {
			isa = PBXGroup;
			children = (
				C4A2805A19A3B658003731E4 /* SplitViewTestTests.m */,
				C4A2805819A3B658003731E4 /* Supporting Files */,
			);
			path = SplitViewTestTests;
			sourceTree = "<group>";
		};
		C4A2805819A3B658003731E4 /* Supporting Files */ = {
			isa = PBXGroup;
			children = (
				C4A2805919A3B658003731E4 /* Info.plist */,
			);
			name = "Supporting Files";
			sourceTree = "<group>";
		};
/* End PBXGroup section */

/* Begin PBXNativeTarget section */
		C4A2803A19A3B658003731E4 /* SplitViewTest */ = {
			isa = PBXNativeTarget;
			buildConfigurationList = C4A2805E19A3B658003731E4 /* Build configuration list for PBXNativeTarget "SplitViewTest" */;
			buildPhases = (
				C4A2803719A3B658003731E4 /* Sources */,
				C4A2803819A3B658003731E4 /* Frameworks */,
				C4A2803919A3B658003731E4 /* Resources */,
			);
			buildRules = (
			);
			dependencies = (
			);
			name = SplitViewTest;
			productName = SplitViewTest;
			productReference = C4A2803B19A3B658003731E4 /* SplitViewTest.app */;
			productType = "com.apple.product-type.application";
		};
		C4A2805319A3B658003731E4 /* SplitViewTestTests */ = {
			isa = PBXNativeTarget;
			buildConfigurationList = C4A2806119A3B658003731E4 /* Build configuration list for PBXNativeTarget "SplitViewTestTests" */;
			buildPhases = (
				C4A2805019A3B658003731E4 /* Sources */,
				C4A2805119A3B658003731E4 /* Frameworks */,
				C4A2805219A3B658003731E4 /* Resources */,
			);
			buildRules = (
			);
			dependencies = (
				C4A2805619A3B658003731E4 /* PBXTargetDependency */,
			);
			name = SplitViewTestTests;
			productName = SplitViewTestTests;
			productReference = C4A2805419A3B658003731E4 /* SplitViewTestTests.xctest */;
			productType = "com.apple.product-type.bundle.unit-test";
		};
/* End PBXNativeTarget section */

/* Begin PBXProject section */
		C4A2803319A3B658003731E4 /* Project object */ = {
			isa = PBXProject;
			attributes = {
				LastUpgradeCheck = 0600;
				ORGANIZATIONNAME = "Wandle Software Limited";
				TargetAttributes = {
					C4A2803A19A3B658003731E4 = {
						CreatedOnToolsVersion = 6.0;
					};
					C4A2805319A3B658003731E4 = {
						CreatedOnToolsVersion = 6.0;
						TestTargetID = C4A2803A19A3B658003731E4;
					};
				};
			};
			buildConfigurationList = C4A2803619A3B658003731E4 /* Build configuration list for PBXProject "SplitViewTest" */;
			compatibilityVersion = "Xcode 3.2";
			developmentRegion = English;
			hasScannedForEncodings = 0;
			knownRegions = (
				en,
				Base,
			);
			mainGroup = C4A2803219A3B658003731E4;
			productRefGroup = C4A2803C19A3B658003731E4 /* Products */;
			projectDirPath = "";
			projectRoot = "";
			targets = (
				C4A2803A19A3B658003731E4 /* SplitViewTest */,
				C4A2805319A3B658003731E4 /* SplitViewTestTests */,
			);
		};
/* End PBXProject section */

/* Begin PBXResourcesBuildPhase section */
		C4A2803919A3B658003731E4 /* Resources */ = {
			isa = PBXResourcesBuildPhase;
			buildActionMask = 2147483647;
			files = (
				C4A2804D19A3B658003731E4 /* Main.storyboard in Resources */,
				C4A2804F19A3B658003731E4 /* Images.xcassets in Resources */,
			);
			runOnlyForDeploymentPostprocessing = 0;
		};
		C4A2805219A3B658003731E4 /* Resources */ = {
			isa = PBXResourcesBuildPhase;
			buildActionMask = 2147483647;
			files = (
			);
			runOnlyForDeploymentPostprocessing = 0;
		};
/* End PBXResourcesBuildPhase section */

/* Begin PBXSourcesBuildPhase section */
		C4A2803719A3B658003731E4 /* Sources */ = {
			isa = PBXSourcesBuildPhase;
			buildActionMask = 2147483647;
			files = (
				C4A2804419A3B658003731E4 /* AppDelegate.m in Sources */,
				C4A2804719A3B658003731E4 /* MasterViewController.m in Sources */,
				C4A2804119A3B658003731E4 /* main.m in Sources */,
				C456203919A7442E0069702B /* SearchTableViewController.m in Sources */,
				C4A2804A19A3B658003731E4 /* DetailViewController.m in Sources */,
			);
			runOnlyForDeploymentPostprocessing = 0;
		};
		C4A2805019A3B658003731E4 /* Sources */ = {
			isa = PBXSourcesBuildPhase;
			buildActionMask = 2147483647;
			files = (
				C4A2805B19A3B658003731E4 /* SplitViewTestTests.m in Sources */,
			);
			runOnlyForDeploymentPostprocessing = 0;
		};
/* End PBXSourcesBuildPhase section */

/* Begin PBXTargetDependency section */
		C4A2805619A3B658003731E4 /* PBXTargetDependency */ = {
			isa = PBXTargetDependency;
			target = C4A2803A19A3B658003731E4 /* SplitViewTest */;
			targetProxy = C4A2805519A3B658003731E4 /* PBXContainerItemProxy */;
		};
/* End PBXTargetDependency section */

/* Begin PBXVariantGroup section */
		C4A2804B19A3B658003731E4 /* Main.storyboard */ = {
			isa = PBXVariantGroup;
			children = (
				C4A2804C19A3B658003731E4 /* Base */,
			);
			name = Main.storyboard;
			sourceTree = "<group>";
		};
/* End PBXVariantGroup section */

/* Begin XCBuildConfiguration section */
		C4A2805C19A3B658003731E4 /* Debug */ = {
			isa = XCBuildConfiguration;
			buildSettings = {
				ALWAYS_SEARCH_USER_PATHS = NO;
				CLANG_CXX_LANGUAGE_STANDARD = "gnu++0x";
				CLANG_CXX_LIBRARY = "libc++";
				CLANG_ENABLE_MODULES = YES;
				CLANG_ENABLE_OBJC_ARC = YES;
				CLANG_WARN_BOOL_CONVERSION = YES;
				CLANG_WARN_CONSTANT_CONVERSION = YES;
				CLANG_WARN_DIRECT_OBJC_ISA_USAGE = YES_ERROR;
				CLANG_WARN_EMPTY_BODY = YES;
				CLANG_WARN_ENUM_CONVERSION = YES;
				CLANG_WARN_INT_CONVERSION = YES;
				CLANG_WARN_OBJC_ROOT_CLASS = YES_ERROR;
				CLANG_WARN_UNREACHABLE_CODE = YES;
				CLANG_WARN__DUPLICATE_METHOD_MATCH = YES;
				"CODE_SIGN_IDENTITY[sdk=iphoneos*]" = "iPhone Developer";
				COPY_PHASE_STRIP = NO;
				ENABLE_STRICT_OBJC_MSGSEND = YES;
				GCC_C_LANGUAGE_STANDARD = gnu99;
				GCC_DYNAMIC_NO_PIC = NO;
				GCC_OPTIMIZATION_LEVEL = 0;
				GCC_PREPROCESSOR_DEFINITIONS = (
					"DEBUG=1",
					"$(inherited)",
				);
				GCC_SYMBOLS_PRIVATE_EXTERN = NO;
				GCC_WARN_64_TO_32_BIT_CONVERSION = YES;
				GCC_WARN_ABOUT_RETURN_TYPE = YES_ERROR;
				GCC_WARN_UNDECLARED_SELECTOR = YES;
				GCC_WARN_UNINITIALIZED_AUTOS = YES_AGGRESSIVE;
				GCC_WARN_UNUSED_FUNCTION = YES;
				GCC_WARN_UNUSED_VARIABLE = YES;
				IPHONEOS_DEPLOYMENT_TARGET = 8.0;
				MTL_ENABLE_DEBUG_INFO = YES;
				ONLY_ACTIVE_ARCH = YES;
				SDKROOT = iphoneos;
				TARGETED_DEVICE_FAMILY = "1,2";
			};
			name = Debug;
		};
		C4A2805D19A3B658003731E4 /* Release */ = {
			isa = XCBuildConfiguration;
			buildSettings = {
				ALWAYS_SEARCH_USER_PATHS = NO;
				CLANG_CXX_LANGUAGE_STANDARD = "gnu++0x";
				CLANG_CXX_LIBRARY = "libc++";
				CLANG_ENABLE_MODULES = YES;
				CLANG_ENABLE_OBJC_ARC = YES;
				CLANG_WARN_BOOL_CONVERSION = YES;
				CLANG_WARN_CONSTANT_CONVERSION = YES;
				CLANG_WARN_DIRECT_OBJC_ISA_USAGE = YES_ERROR;
				CLANG_WARN_EMPTY_BODY = YES;
				CLANG_WARN_ENUM_CONVERSION = YES;
				CLANG_WARN_INT_CONVERSION = YES;
				CLANG_WARN_OBJC_ROOT_CLASS = YES_ERROR;
				CLANG_WARN_UNREACHABLE_CODE = YES;
				CLANG_WARN__DUPLICATE_METHOD_MATCH = YES;
				"CODE_SIGN_IDENTITY[sdk=iphoneos*]" = "iPhone Developer";
				COPY_PHASE_STRIP = YES;
				ENABLE_NS_ASSERTIONS = NO;
				ENABLE_STRICT_OBJC_MSGSEND = YES;
				GCC_C_LANGUAGE_STANDARD = gnu99;
				GCC_WARN_64_TO_32_BIT_CONVERSION = YES;
				GCC_WARN_ABOUT_RETURN_TYPE = YES_ERROR;
				GCC_WARN_UNDECLARED_SELECTOR = YES;
				GCC_WARN_UNINITIALIZED_AUTOS = YES_AGGRESSIVE;
				GCC_WARN_UNUSED_FUNCTION = YES;
				GCC_WARN_UNUSED_VARIABLE = YES;
				IPHONEOS_DEPLOYMENT_TARGET = 8.0;
				MTL_ENABLE_DEBUG_INFO = NO;
				SDKROOT = iphoneos;
				TARGETED_DEVICE_FAMILY = "1,2";
				VALIDATE_PRODUCT = YES;
			};
			name = Release;
		};
		C4A2805F19A3B658003731E4 /* Debug */ = {
			isa = XCBuildConfiguration;
			buildSettings = {
				ASSETCATALOG_COMPILER_APPICON_NAME = AppIcon;
				ASSETCATALOG_COMPILER_LAUNCHIMAGE_NAME = LaunchImage;
				INFOPLIST_FILE = SplitViewTest/Info.plist;
				LD_RUNPATH_SEARCH_PATHS = "$(inherited) @executable_path/Frameworks";
				PRODUCT_NAME = "$(TARGET_NAME)";
			};
			name = Debug;
		};
		C4A2806019A3B658003731E4 /* Release */ = {
			isa = XCBuildConfiguration;
			buildSettings = {
				ASSETCATALOG_COMPILER_APPICON_NAME = AppIcon;
				ASSETCATALOG_COMPILER_LAUNCHIMAGE_NAME = LaunchImage;
				INFOPLIST_FILE = SplitViewTest/Info.plist;
				LD_RUNPATH_SEARCH_PATHS = "$(inherited) @executable_path/Frameworks";
				PRODUCT_NAME = "$(TARGET_NAME)";
			};
			name = Release;
		};
		C4A2806219A3B658003731E4 /* Debug */ = {
			isa = XCBuildConfiguration;
			buildSettings = {
				BUNDLE_LOADER = "$(TEST_HOST)";
				FRAMEWORK_SEARCH_PATHS = (
					"$(SDKROOT)/Developer/Library/Frameworks",
					"$(inherited)",
				);
				GCC_PREPROCESSOR_DEFINITIONS = (
					"DEBUG=1",
					"$(inherited)",
				);
				INFOPLIST_FILE = SplitViewTestTests/Info.plist;
				LD_RUNPATH_SEARCH_PATHS = "$(inherited) @executable_path/Frameworks @loader_path/Frameworks";
				PRODUCT_NAME = "$(TARGET_NAME)";
				TEST_HOST = "$(BUILT_PRODUCTS_DIR)/SplitViewTest.app/SplitViewTest";
			};
			name = Debug;
		};
		C4A2806319A3B658003731E4 /* Release */ = {
			isa = XCBuildConfiguration;
			buildSettings = {
				BUNDLE_LOADER = "$(TEST_HOST)";
				FRAMEWORK_SEARCH_PATHS = (
					"$(SDKROOT)/Developer/Library/Frameworks",
					"$(inherited)",
				);
				INFOPLIST_FILE = SplitViewTestTests/Info.plist;
				LD_RUNPATH_SEARCH_PATHS = "$(inherited) @executable_path/Frameworks @loader_path/Frameworks";
				PRODUCT_NAME = "$(TARGET_NAME)";
				TEST_HOST = "$(BUILT_PRODUCTS_DIR)/SplitViewTest.app/SplitViewTest";
			};
			name = Release;
		};
/* End XCBuildConfiguration section */

/* Begin XCConfigurationList section */
		C4A2803619A3B658003731E4 /* Build configuration list for PBXProject "SplitViewTest" */ = {
			isa = XCConfigurationList;
			buildConfigurations = (
				C4A2805C19A3B658003731E4 /* Debug */,
				C4A2805D19A3B658003731E4 /* Release */,
			);
			defaultConfigurationIsVisible = 0;
			defaultConfigurationName = Release;
		};
		C4A2805E19A3B658003731E4 /* Build configuration list for PBXNativeTarget "SplitViewTest" */ = {
			isa = XCConfigurationList;
			buildConfigurations = (
				C4A2805F19A3B658003731E4 /* Debug */,
				C4A2806019A3B658003731E4 /* Release */,
			);
			defaultConfigurationIsVisible = 0;
			defaultConfigurationName = Release;
		};
		C4A2806119A3B658003731E4 /* Build configuration list for PBXNativeTarget "SplitViewTestTests" */ = {
			isa = XCConfigurationList;
			buildConfigurations = (
				C4A2806219A3B658003731E4 /* Debug */,
				C4A2806319A3B658003731E4 /* Release */,
			);
			defaultConfigurationIsVisible = 0;
			defaultConfigurationName = Release;
		};
/* End XCConfigurationList section */
	};
	rootObject = C4A2803319A3B658003731E4 /* Project object */;
}
